
Microsoft Visual Studio Solution File, Format Version 12.00
# Visual Studio 14
VisualStudioVersion = 14.0.25420.1
MinimumVisualStudioVersion = 10.0.40219.1
Project("{2150E333-8FDC-42A3-9474-1A3956D46DE8}") = "DataLayer", "DataLayer", "{9AA967AC-91A6-42FA-A805-068EF4E4CDC4}"
EndProject
Project("{2150E333-8FDC-42A3-9474-1A3956D46DE8}") = "BusinessRules", "BusinessRules", "{71683831-0724-4D74-8B0D-1DF7B9D87B3D}"
EndProject
Project("{2150E333-8FDC-42A3-9474-1A3956D46DE8}") = "BackEndServices", "BackEndServices", "{DC7FD976-4DEB-4FA6-9BB6-307A81F595AC}"
EndProject
Project("{2150E333-8FDC-42A3-9474-1A3956D46DE8}") = "APIServices", "APIServices", "{CE0A640F-2F3B-43FA-82C0-A3377DB7C42B}"
EndProject
Project("{2150E333-8FDC-42A3-9474-1A3956D46DE8}") = "WindowsServices", "WindowsServices", "{5ACF3636-17AB-4233-9417-CD400238462B}"
EndProject
Project("{2150E333-8FDC-42A3-9474-1A3956D46DE8}") = "Host", "Host", "{7E590A91-6949-47BC-93AE-33C12FEDE017}"
EndProject
Project("{FAE04EC0-301F-11D3-BF4B-00C04F79EFBC}") = "Core.Payment.DAL", "Core.Payment.DAL\Core.Payment.DAL.csproj", "{D1E6E27C-C819-418C-B286-5E33EF5C7250}"
EndProject
Project("{FAE04EC0-301F-11D3-BF4B-00C04F79EFBC}") = "Payment.DAL.Core", "Payment.DAL.Core\Payment.DAL.Core.csproj", "{23536FDE-894E-4BE6-992E-D2698D5834B7}"
EndProject
Project("{FAE04EC0-301F-11D3-BF4B-00C04F79EFBC}") = "PaymentBLL", "PaymentBLL\PaymentBLL.csproj", "{05CDDC90-0A56-49B0-A7A2-E5E2BEE84E95}"
EndProject
Project("{FAE04EC0-301F-11D3-BF4B-00C04F79EFBC}") = "PaymentSolutionWeb", "PaymentSolutionWeb\PaymentSolutionWeb.csproj", "{C81C9847-8EF5-4188-B0F5-38F215D57862}"
EndProject
Project("{2150E333-8FDC-42A3-9474-1A3956D46DE8}") = "WebUI", "WebUI", "{79736402-AAFB-49CB-B224-887C24F5C360}"
EndProject
Project("{FAE04EC0-301F-11D3-BF4B-00C04F79EFBC}") = "PayService", "PayService\PayService.csproj", "{F7535747-D554-459B-8AF5-112D9736815B}"
EndProject
Project("{2150E333-8FDC-42A3-9474-1A3956D46DE8}") = "Implementation", "Implementation", "{BFC49E03-A959-4E6E-A1FD-0081F0A53DEF}"
EndProject
Project("{FAE04EC0-301F-11D3-BF4B-00C04F79EFBC}") = "PayService.DataContract", "PayService.DataContract\PayService.DataContract.csproj", "{17BB04E7-7053-445A-BA0D-EFF1EE0379B7}"
EndProject
Project("{FAE04EC0-301F-11D3-BF4B-00C04F79EFBC}") = "PayService.Implementation", "PayService.Implementation\PayService.Implementation.csproj", "{740F481A-2E72-48E5-8DE8-3E5E992C05E1}"
EndProject
Global
	GlobalSection(SolutionConfigurationPlatforms) = preSolution
		Debug|Any CPU = Debug|Any CPU
		Release|Any CPU = Release|Any CPU
	EndGlobalSection
	GlobalSection(ProjectConfigurationPlatforms) = postSolution
		{D1E6E27C-C819-418C-B286-5E33EF5C7250}.Debug|Any CPU.ActiveCfg = Debug|Any CPU
		{D1E6E27C-C819-418C-B286-5E33EF5C7250}.Debug|Any CPU.Build.0 = Debug|Any CPU
		{D1E6E27C-C819-418C-B286-5E33EF5C7250}.Release|Any CPU.ActiveCfg = Release|Any CPU
		{D1E6E27C-C819-418C-B286-5E33EF5C7250}.Release|Any CPU.Build.0 = Release|Any CPU
		{23536FDE-894E-4BE6-992E-D2698D5834B7}.Debug|Any CPU.ActiveCfg = Debug|Any CPU
		{23536FDE-894E-4BE6-992E-D2698D5834B7}.Debug|Any CPU.Build.0 = Debug|Any CPU
		{23536FDE-894E-4BE6-992E-D2698D5834B7}.Release|Any CPU.ActiveCfg = Release|Any CPU
		{23536FDE-894E-4BE6-992E-D2698D5834B7}.Release|Any CPU.Build.0 = Release|Any CPU
		{05CDDC90-0A56-49B0-A7A2-E5E2BEE84E95}.Debug|Any CPU.ActiveCfg = Debug|Any CPU
		{05CDDC90-0A56-49B0-A7A2-E5E2BEE84E95}.Debug|Any CPU.Build.0 = Debug|Any CPU
		{05CDDC90-0A56-49B0-A7A2-E5E2BEE84E95}.Release|Any CPU.ActiveCfg = Release|Any CPU
		{05CDDC90-0A56-49B0-A7A2-E5E2BEE84E95}.Release|Any CPU.Build.0 = Release|Any CPU
		{C81C9847-8EF5-4188-B0F5-38F215D57862}.Debug|Any CPU.ActiveCfg = Debug|Any CPU
		{C81C9847-8EF5-4188-B0F5-38F215D57862}.Debug|Any CPU.Build.0 = Debug|Any CPU
		{C81C9847-8EF5-4188-B0F5-38F215D57862}.Release|Any CPU.ActiveCfg = Release|Any CPU
		{C81C9847-8EF5-4188-B0F5-38F215D57862}.Release|Any CPU.Build.0 = Release|Any CPU
		{F7535747-D554-459B-8AF5-112D9736815B}.Debug|Any CPU.ActiveCfg = Debug|Any CPU
		{F7535747-D554-459B-8AF5-112D9736815B}.Debug|Any CPU.Build.0 = Debug|Any CPU
		{F7535747-D554-459B-8AF5-112D9736815B}.Release|Any CPU.ActiveCfg = Release|Any CPU
		{F7535747-D554-459B-8AF5-112D9736815B}.Release|Any CPU.Build.0 = Release|Any CPU
		{17BB04E7-7053-445A-BA0D-EFF1EE0379B7}.Debug|Any CPU.ActiveCfg = Debug|Any CPU
		{17BB04E7-7053-445A-BA0D-EFF1EE0379B7}.Debug|Any CPU.Build.0 = Debug|Any CPU
		{17BB04E7-7053-445A-BA0D-EFF1EE0379B7}.Release|Any CPU.ActiveCfg = Release|Any CPU
		{17BB04E7-7053-445A-BA0D-EFF1EE0379B7}.Release|Any CPU.Build.0 = Release|Any CPU
		{740F481A-2E72-48E5-8DE8-3E5E992C05E1}.Debug|Any CPU.ActiveCfg = Debug|Any CPU
		{740F481A-2E72-48E5-8DE8-3E5E992C05E1}.Debug|Any CPU.Build.0 = Debug|Any CPU
		{740F481A-2E72-48E5-8DE8-3E5E992C05E1}.Release|Any CPU.ActiveCfg = Release|Any CPU
		{740F481A-2E72-48E5-8DE8-3E5E992C05E1}.Release|Any CPU.Build.0 = Release|Any CPU
	EndGlobalSection
	GlobalSection(SolutionProperties) = preSolution
		HideSolutionNode = FALSE
	EndGlobalSection
	GlobalSection(NestedProjects) = preSolution
		{D1E6E27C-C819-418C-B286-5E33EF5C7250} = {9AA967AC-91A6-42FA-A805-068EF4E4CDC4}
		{23536FDE-894E-4BE6-992E-D2698D5834B7} = {9AA967AC-91A6-42FA-A805-068EF4E4CDC4}
		{05CDDC90-0A56-49B0-A7A2-E5E2BEE84E95} = {71683831-0724-4D74-8B0D-1DF7B9D87B3D}
		{C81C9847-8EF5-4188-B0F5-38F215D57862} = {79736402-AAFB-49CB-B224-887C24F5C360}
		{F7535747-D554-459B-8AF5-112D9736815B} = {7E590A91-6949-47BC-93AE-33C12FEDE017}
		{17BB04E7-7053-445A-BA0D-EFF1EE0379B7} = {BFC49E03-A959-4E6E-A1FD-0081F0A53DEF}
		{740F481A-2E72-48E5-8DE8-3E5E992C05E1} = {BFC49E03-A959-4E6E-A1FD-0081F0A53DEF}
	EndGlobalSection
EndGlobal
