
Microsoft Visual Studio Solution File, Format Version 12.00
# Visual Studio 14
VisualStudioVersion = 14.0.25420.1
MinimumVisualStudioVersion = 10.0.40219.1
Project("{FAE04EC0-301F-11D3-BF4B-00C04F79EFBC}") = "PaymentSolutions", "PaymentSolutions\PaymentSolutions.csproj", "{1A92CC02-291B-4B28-9C00-B2A9833AFAD5}"
EndProject
Project("{2150E333-8FDC-42A3-9474-1A3956D46DE8}") = "DataLayer", "DataLayer", "{9AA967AC-91A6-42FA-A805-068EF4E4CDC4}"
EndProject
Project("{2150E333-8FDC-42A3-9474-1A3956D46DE8}") = "BusinessRules", "BusinessRules", "{71683831-0724-4D74-8B0D-1DF7B9D87B3D}"
EndProject
Project("{2150E333-8FDC-42A3-9474-1A3956D46DE8}") = "BackEndServices", "BackEndServices", "{DC7FD976-4DEB-4FA6-9BB6-307A81F595AC}"
EndProject
Project("{2150E333-8FDC-42A3-9474-1A3956D46DE8}") = "APIServices", "APIServices", "{CE0A640F-2F3B-43FA-82C0-A3377DB7C42B}"
EndProject
Project("{2150E333-8FDC-42A3-9474-1A3956D46DE8}") = "WindowsServices", "WindowsServices", "{5ACF3636-17AB-4233-9417-CD400238462B}"
EndProject
Project("{2150E333-8FDC-42A3-9474-1A3956D46DE8}") = "Host", "Host", "{7E590A91-6949-47BC-93AE-33C12FEDE017}"
EndProject
Project("{FAE04EC0-301F-11D3-BF4B-00C04F79EFBC}") = "Core.Payment.DAL", "Core.Payment.DAL\Core.Payment.DAL.csproj", "{D1E6E27C-C819-418C-B286-5E33EF5C7250}"
EndProject
Global
	GlobalSection(SolutionConfigurationPlatforms) = preSolution
		Debug|Any CPU = Debug|Any CPU
		Release|Any CPU = Release|Any CPU
	EndGlobalSection
	GlobalSection(ProjectConfigurationPlatforms) = postSolution
		{1A92CC02-291B-4B28-9C00-B2A9833AFAD5}.Debug|Any CPU.ActiveCfg = Debug|Any CPU
		{1A92CC02-291B-4B28-9C00-B2A9833AFAD5}.Debug|Any CPU.Build.0 = Debug|Any CPU
		{1A92CC02-291B-4B28-9C00-B2A9833AFAD5}.Release|Any CPU.ActiveCfg = Release|Any CPU
		{1A92CC02-291B-4B28-9C00-B2A9833AFAD5}.Release|Any CPU.Build.0 = Release|Any CPU
		{D1E6E27C-C819-418C-B286-5E33EF5C7250}.Debug|Any CPU.ActiveCfg = Debug|Any CPU
		{D1E6E27C-C819-418C-B286-5E33EF5C7250}.Debug|Any CPU.Build.0 = Debug|Any CPU
		{D1E6E27C-C819-418C-B286-5E33EF5C7250}.Release|Any CPU.ActiveCfg = Release|Any CPU
		{D1E6E27C-C819-418C-B286-5E33EF5C7250}.Release|Any CPU.Build.0 = Release|Any CPU
	EndGlobalSection
	GlobalSection(SolutionProperties) = preSolution
		HideSolutionNode = FALSE
	EndGlobalSection
	GlobalSection(NestedProjects) = preSolution
		{1A92CC02-291B-4B28-9C00-B2A9833AFAD5} = {9AA967AC-91A6-42FA-A805-068EF4E4CDC4}
		{D1E6E27C-C819-418C-B286-5E33EF5C7250} = {9AA967AC-91A6-42FA-A805-068EF4E4CDC4}
	EndGlobalSection
EndGlobal
